
Microsoft Visual Studio Solution File, Format Version 12.00
# Visual Studio Version 16
VisualStudioVersion = 16.0.30114.105
MinimumVisualStudioVersion = 10.0.40219.1
Project("{FAE04EC0-301F-11D3-BF4B-00C04F79EFBC}") = "InterestCalculatorBackend.Core", "InterestCalculatorBackend.Core\InterestCalculatorBackend.Core.csproj", "{E6D2A696-D4C6-41FA-B0C5-088871DB7DAA}"
EndProject
Project("{FAE04EC0-301F-11D3-BF4B-00C04F79EFBC}") = "InterestCalculatorBackend.Core.Test", "Tests\InterestCalculatorBackend.Core.Test\InterestCalculatorBackend.Core.Test.csproj", "{73AF86F3-8C8B-4FEF-8E07-C434CF89A70C}"
EndProject
Project("{FAE04EC0-301F-11D3-BF4B-00C04F79EFBC}") = "InterestCalculatorBackend.Application", "InterestCalculatorBackend.Application\InterestCalculatorBackend.Application.csproj", "{C978BC7F-B6D8-46FC-B7B8-F78010BD2D01}"
EndProject
Project("{FAE04EC0-301F-11D3-BF4B-00C04F79EFBC}") = "InterestCalculatorBackend.Abstractions", "InterestCalculatorBackend.Abstractions\InterestCalculatorBackend.Abstractions.csproj", "{25992208-31BC-4BD6-83E1-F31047859B57}"
EndProject
Project("{FAE04EC0-301F-11D3-BF4B-00C04F79EFBC}") = "InterestCalculatorBackend.Application.Test", "Tests\InterestCalculatorBackend.Application.Test\InterestCalculatorBackend.Application.Test.csproj", "{0E8A2643-B57E-4758-AB43-A2E69A59B6F0}"
EndProject
Project("{FAE04EC0-301F-11D3-BF4B-00C04F79EFBC}") = "InterestCalculatorBackend.InterestRateAPI", "InterestCalculatorBackend.InterestRateAPI\InterestCalculatorBackend.InterestRateAPI.csproj", "{4AB2D975-EC43-4558-A850-4D6F2C2566D8}"
EndProject
Project("{FAE04EC0-301F-11D3-BF4B-00C04F79EFBC}") = "InterestCalculatorBackend.ApiIntegrationTest", "Tests\InterestCalculatorBackend.ApiIntegrationTest\InterestCalculatorBackend.ApiIntegrationTest.csproj", "{0A8E13AA-6856-438E-8F54-0EDB345C30F4}"
EndProject
Project("{FAE04EC0-301F-11D3-BF4B-00C04F79EFBC}") = "InterestCalculatorBackend.InterestRateClient", "InterestCalculatorBackend.InterestRateClient\InterestCalculatorBackend.InterestRateClient.csproj", "{E6B54627-626D-456D-9D5B-B9EAF6D06DA5}"
EndProject
Project("{FAE04EC0-301F-11D3-BF4B-00C04F79EFBC}") = "InterestCalculatorBackend.InterestRateClient.Test", "Tests\InterestCalculatorBackend.InterestRateClient.Test\InterestCalculatorBackend.InterestRateClient.Test.csproj", "{C2829859-7DD4-469F-A137-6EE0A0B79332}"
EndProject
Global
	GlobalSection(SolutionConfigurationPlatforms) = preSolution
		Debug|Any CPU = Debug|Any CPU
		Release|Any CPU = Release|Any CPU
	EndGlobalSection
	GlobalSection(SolutionProperties) = preSolution
		HideSolutionNode = FALSE
	EndGlobalSection
	GlobalSection(ProjectConfigurationPlatforms) = postSolution
		{E6D2A696-D4C6-41FA-B0C5-088871DB7DAA}.Debug|Any CPU.ActiveCfg = Debug|Any CPU
		{E6D2A696-D4C6-41FA-B0C5-088871DB7DAA}.Debug|Any CPU.Build.0 = Debug|Any CPU
		{E6D2A696-D4C6-41FA-B0C5-088871DB7DAA}.Release|Any CPU.ActiveCfg = Release|Any CPU
		{E6D2A696-D4C6-41FA-B0C5-088871DB7DAA}.Release|Any CPU.Build.0 = Release|Any CPU
		{73AF86F3-8C8B-4FEF-8E07-C434CF89A70C}.Debug|Any CPU.ActiveCfg = Debug|Any CPU
		{73AF86F3-8C8B-4FEF-8E07-C434CF89A70C}.Debug|Any CPU.Build.0 = Debug|Any CPU
		{73AF86F3-8C8B-4FEF-8E07-C434CF89A70C}.Release|Any CPU.ActiveCfg = Release|Any CPU
		{73AF86F3-8C8B-4FEF-8E07-C434CF89A70C}.Release|Any CPU.Build.0 = Release|Any CPU
		{C978BC7F-B6D8-46FC-B7B8-F78010BD2D01}.Debug|Any CPU.ActiveCfg = Debug|Any CPU
		{C978BC7F-B6D8-46FC-B7B8-F78010BD2D01}.Debug|Any CPU.Build.0 = Debug|Any CPU
		{C978BC7F-B6D8-46FC-B7B8-F78010BD2D01}.Release|Any CPU.ActiveCfg = Release|Any CPU
		{C978BC7F-B6D8-46FC-B7B8-F78010BD2D01}.Release|Any CPU.Build.0 = Release|Any CPU
		{25992208-31BC-4BD6-83E1-F31047859B57}.Debug|Any CPU.ActiveCfg = Debug|Any CPU
		{25992208-31BC-4BD6-83E1-F31047859B57}.Debug|Any CPU.Build.0 = Debug|Any CPU
		{25992208-31BC-4BD6-83E1-F31047859B57}.Release|Any CPU.ActiveCfg = Release|Any CPU
		{25992208-31BC-4BD6-83E1-F31047859B57}.Release|Any CPU.Build.0 = Release|Any CPU
		{0E8A2643-B57E-4758-AB43-A2E69A59B6F0}.Debug|Any CPU.ActiveCfg = Debug|Any CPU
		{0E8A2643-B57E-4758-AB43-A2E69A59B6F0}.Debug|Any CPU.Build.0 = Debug|Any CPU
		{0E8A2643-B57E-4758-AB43-A2E69A59B6F0}.Release|Any CPU.ActiveCfg = Release|Any CPU
		{0E8A2643-B57E-4758-AB43-A2E69A59B6F0}.Release|Any CPU.Build.0 = Release|Any CPU
		{4AB2D975-EC43-4558-A850-4D6F2C2566D8}.Debug|Any CPU.ActiveCfg = Debug|Any CPU
		{4AB2D975-EC43-4558-A850-4D6F2C2566D8}.Debug|Any CPU.Build.0 = Debug|Any CPU
		{4AB2D975-EC43-4558-A850-4D6F2C2566D8}.Release|Any CPU.ActiveCfg = Release|Any CPU
		{4AB2D975-EC43-4558-A850-4D6F2C2566D8}.Release|Any CPU.Build.0 = Release|Any CPU
		{0A8E13AA-6856-438E-8F54-0EDB345C30F4}.Debug|Any CPU.ActiveCfg = Debug|Any CPU
		{0A8E13AA-6856-438E-8F54-0EDB345C30F4}.Debug|Any CPU.Build.0 = Debug|Any CPU
		{0A8E13AA-6856-438E-8F54-0EDB345C30F4}.Release|Any CPU.ActiveCfg = Release|Any CPU
		{0A8E13AA-6856-438E-8F54-0EDB345C30F4}.Release|Any CPU.Build.0 = Release|Any CPU
		{E6B54627-626D-456D-9D5B-B9EAF6D06DA5}.Debug|Any CPU.ActiveCfg = Debug|Any CPU
		{E6B54627-626D-456D-9D5B-B9EAF6D06DA5}.Debug|Any CPU.Build.0 = Debug|Any CPU
		{E6B54627-626D-456D-9D5B-B9EAF6D06DA5}.Release|Any CPU.ActiveCfg = Release|Any CPU
		{E6B54627-626D-456D-9D5B-B9EAF6D06DA5}.Release|Any CPU.Build.0 = Release|Any CPU
		{C2829859-7DD4-469F-A137-6EE0A0B79332}.Debug|Any CPU.ActiveCfg = Debug|Any CPU
		{C2829859-7DD4-469F-A137-6EE0A0B79332}.Debug|Any CPU.Build.0 = Debug|Any CPU
		{C2829859-7DD4-469F-A137-6EE0A0B79332}.Release|Any CPU.ActiveCfg = Release|Any CPU
		{C2829859-7DD4-469F-A137-6EE0A0B79332}.Release|Any CPU.Build.0 = Release|Any CPU
	EndGlobalSection
EndGlobal
